Microsoft Visual Studio Solution File, Format Version 12.00
# Visual Studio Version 17
VisualStudioVersion = 17.0.31903.59
MinimumVisualStudioVersion = 10.0.40219.1
Project("{FAE04EC0-301F-11D3-BF4B-00C04F79EFBC}") = "CalculatorInAir", "src\CalculatorInAir\CalculatorInAir.csproj", "{A7C20E56-F14D-4E90-B882-62C3A8679A63}"
EndProject
Project("{FAE04EC0-301F-11D3-BF4B-00C04F79EFBC}") = "CalculatorInAir.Tests", "tests\CalculatorInAir.Tests\CalculatorInAir.Tests.csproj", "{B9E6C341-7A39-44F8-9DCE-7B4592A6D5CC}"
EndProject
Global
	GlobalSection(SolutionConfigurationPlatforms) = preSolution
		Debug|Any CPU = Debug|Any CPU
		Release|Any CPU = Release|Any CPU
	EndGlobalSection
	GlobalSection(ProjectConfigurationPlatforms) = postSolution
		{A7C20E56-F14D-4E90-B882-62C3A8679A63}.Debug|Any CPU.ActiveCfg = Debug|Any CPU
		{A7C20E56-F14D-4E90-B882-62C3A8679A63}.Debug|Any CPU.Build.0 = Debug|Any CPU
		{A7C20E56-F14D-4E90-B882-62C3A8679A63}.Release|Any CPU.ActiveCfg = Release|Any CPU
		{A7C20E56-F14D-4E90-B882-62C3A8679A63}.Release|Any CPU.Build.0 = Release|Any CPU
		{B9E6C341-7A39-44F8-9DCE-7B4592A6D5CC}.Debug|Any CPU.ActiveCfg = Debug|Any CPU
		{B9E6C341-7A39-44F8-9DCE-7B4592A6D5CC}.Debug|Any CPU.Build.0 = Debug|Any CPU
		{B9E6C341-7A39-44F8-9DCE-7B4592A6D5CC}.Release|Any CPU.ActiveCfg = Release|Any CPU
		{B9E6C341-7A39-44F8-9DCE-7B4592A6D5CC}.Release|Any CPU.Build.0 = Release|Any CPU
	EndGlobalSection
	GlobalSection(SolutionProperties) = preSolution
		HideSolutionNode = FALSE
	EndGlobalSection
EndGlobal
